
Microsoft Visual Studio Solution File, Format Version 12.00
# Visual Studio Version 17
VisualStudioVersion = 17.0.31903.59
MinimumVisualStudioVersion = 10.0.40219.1
Project("{888888A0-9F3D-457C-B088-3A5042F75D52}") = "SeaIce", "SeaIce.pyproj", "{5E78EA69-D416-4C58-87A4-80DF02D3AFD5}"
EndProject
Global
	GlobalSection(SolutionConfigurationPlatforms) = preSolution
		Debug|Any CPU = Debug|Any CPU
		Release|Any CPU = Release|Any CPU
	EndGlobalSection
	GlobalSection(ProjectConfigurationPlatforms) = postSolution
		{5E78EA69-D416-4C58-87A4-80DF02D3AFD5}.Debug|Any CPU.ActiveCfg = Debug|Any CPU
		{5E78EA69-D416-4C58-87A4-80DF02D3AFD5}.Release|Any CPU.ActiveCfg = Release|Any CPU
	EndGlobalSection
	GlobalSection(SolutionProperties) = preSolution
		HideSolutionNode = FALSE
	EndGlobalSection
	GlobalSection(ExtensibilityGlobals) = postSolution
		SolutionGuid = {3A7E261B-0C49-4EEA-835B-E02988D1E70E}
	EndGlobalSection
EndGlobal
